{
  "ref": "main",
  "skills": {
    "changelog": "0.9.5",
    "cleanup-repo": "0.4.1",
    "commit": "0.1.2",
    "initialise-skills": "0.11.0",
    "linear-sync": "0.3.4",
    "preflight": "0.3.0",
    "release-status": "0.2.1",
    "send-it": "0.8.0",
    "triage-pr": "0.11.0"
  },
  "source": "https://github.com/rheged-studio/agent-skills"
}
